
Microsoft Visual Studio Solution File, Format Version 12.00
# Visual Studio Version 17
VisualStudioVersion = 17.2.32602.215
MinimumVisualStudioVersion = 10.0.40219.1
Project("{FAE04EC0-301F-11D3-BF4B-00C04F79EFBC}") = "simulacroPAV", "simulacroPAV.csproj", "{2E611F48-C48F-4E54-950D-954DDCC997A3}"
EndProject
Global
	GlobalSection(SolutionConfigurationPlatforms) = preSolution
		Debug|Any CPU = Debug|Any CPU
		Release|Any CPU = Release|Any CPU
	EndGlobalSection
	GlobalSection(ProjectConfigurationPlatforms) = postSolution
		{2E611F48-C48F-4E54-950D-954DDCC997A3}.Debug|Any CPU.ActiveCfg = Debug|Any CPU
		{2E611F48-C48F-4E54-950D-954DDCC997A3}.Debug|Any CPU.Build.0 = Debug|Any CPU
		{2E611F48-C48F-4E54-950D-954DDCC997A3}.Release|Any CPU.ActiveCfg = Release|Any CPU
		{2E611F48-C48F-4E54-950D-954DDCC997A3}.Release|Any CPU.Build.0 = Release|Any CPU
	EndGlobalSection
	GlobalSection(SolutionProperties) = preSolution
		HideSolutionNode = FALSE
	EndGlobalSection
	GlobalSection(ExtensibilityGlobals) = postSolution
		SolutionGuid = {A3366944-2B3C-4FB2-B020-2FCE62EBDFB5}
	EndGlobalSection
EndGlobal
